{
  "name": "vab-icon",
  "version": "0.0.1",
  "lockfileVersion": 3,
  "requires": true,
  "packages": {
    "": {
      "name": "vab-icon",
      "version": "0.0.1",
      "dependencies": {
        "vab-icon": "file:"
      }
    },
    "node_modules/vab-icon": {
      "resolved": "",
      "link": true
    }
  }
}
